lockfileVersion: 5.4

specifiers:
  '@pikokr/command.ts': ^5.4.0
  '@swc/core': 1.3.27
  '@types/node': 18.11.18
  discord.js: ^14.7.1
  prettier: ^2.8.4
  ts-node: 10.9.1
  tslog: ^4.7.1
  typescript: 4.7.4

dependencies:
  '@pikokr/command.ts': 5.5.0_mhiut35je56qprwuj4kpcf5dgm
  discord.js: 14.8.0
  tslog: 4.8.2

devDependencies:
  '@swc/core': 1.3.27
  '@types/node': 18.11.18
  prettier: 2.8.4
  ts-node: 10.9.1_jr7bst4vzqryxksywwmvxlsmhq
  typescript: 4.7.4

packages:

  /@cspotcode/source-map-support/0.8.1:
    resolution: {integrity: sha512-IchNf6dN4tHoMFIn/7OE8LWZ19Y6q/67Bmf6vnGREv8RSbBVb9LPJxEcnwrcwX6ixSvaiGoomAUvu4YSxXrVgw==}
    engines: {node: '>=12'}
    dependencies:
      '@jridgewell/trace-mapping': 0.3.9
    dev: true

  /@discordjs/builders/1.5.0:
    resolution: {integrity: sha512-7XxT78mnNBPigHn2y6KAXkicxIBFtZREGWaRZ249EC1l6gBUEP8IyVY5JTciIjJArxkF+tg675aZvsTNTKBpmA==}
    engines: {node: '>=16.9.0'}
    dependencies:
      '@discordjs/formatters': 0.2.0
      '@discordjs/util': 0.2.0
      '@sapphire/shapeshift': 3.8.1
      discord-api-types: 0.37.36
      fast-deep-equal: 3.1.3
      ts-mixer: 6.0.3
      tslib: 2.5.0
    dev: false

  /@discordjs/collection/1.4.0:
    resolution: {integrity: sha512-hiOJyk2CPFf1+FL3a4VKCuu1f448LlROVuu8nLz1+jCOAPokUcdFAV+l4pd3B3h6uJlJQSASoZzrdyNdjdtfzQ==}
    engines: {node: '>=16.9.0'}
    dev: false

  /@discordjs/formatters/0.2.0:
    resolution: {integrity: sha512-vn4oMSXuMZUm8ITqVOtvE7/fMMISj4cI5oLsR09PEQXHKeKDAMLltG/DWeeIs7Idfy6V8Fk3rn1e69h7NfzuNA==}
    engines: {node: '>=16.9.0'}
    dependencies:
      discord-api-types: 0.37.36
    dev: false

  /@discordjs/rest/1.6.0:
    resolution: {integrity: sha512-HGvqNCZ5Z5j0tQHjmT1lFvE5ETO4hvomJ1r0cbnpC1zM23XhCpZ9wgTCiEmaxKz05cyf2CI9p39+9LL+6Yz1bA==}
    engines: {node: '>=16.9.0'}
    dependencies:
      '@discordjs/collection': 1.4.0
      '@discordjs/util': 0.2.0
      '@sapphire/async-queue': 1.5.0
      '@sapphire/snowflake': 3.4.0
      discord-api-types: 0.37.36
      file-type: 18.2.1
      tslib: 2.5.0
      undici: 5.21.0
    dev: false

  /@discordjs/util/0.2.0:
    resolution: {integrity: sha512-/8qNbebFzLWKOOg+UV+RB8itp4SmU5jw0tBUD3ifElW6rYNOj1Ku5JaSW7lLl/WgjjxF01l/1uQPCzkwr110vg==}
    engines: {node: '>=16.9.0'}
    dev: false

  /@jridgewell/resolve-uri/3.1.0:
    resolution: {integrity: sha512-F2msla3tad+Mfht5cJq7LSXcdudKTWCVYUgw6pLFOOHSTtZlj6SWNYAp+AhuqLmWdBO2X5hPrLcu8cVP8fy28w==}
    engines: {node: '>=6.0.0'}
    dev: true

  /@jridgewell/sourcemap-codec/1.4.14:
    resolution: {integrity: sha512-XPSJHWmi394fuUuzDnGz1wiKqWfo1yXecHQMRf2l6hztTO+nPru658AyDngaBe7isIxEkRsPR3FZh+s7iVa4Uw==}
    dev: true

  /@jridgewell/trace-mapping/0.3.9:
    resolution: {integrity: sha512-3Belt6tdc8bPgAtbcmdtNJlirVoTmEb5e2gC94PnkwEW9jI6CAHUeoG85tjWP5WquqfavoMtMwiG4P926ZKKuQ==}
    dependencies:
      '@jridgewell/resolve-uri': 3.1.0
      '@jridgewell/sourcemap-codec': 1.4.14
    dev: true

  /@pikokr/command.ts/5.5.0_mhiut35je56qprwuj4kpcf5dgm:
    resolution: {integrity: sha512-uMDZWOt98oOrOK4QdAppFxPdPd9wSh32KtzyqLkqcflXbvNG/cwaDJgu7FhBWiHHVte7hPgQAW6XHh/uYV/00w==}
    peerDependencies:
      discord.js: '*'
      tslog: '*'
    dependencies:
      '@types/node': 16.18.16
      chalk: 4.1.2
      discord.js: 14.8.0
      lodash: 4.17.21
      reflect-metadata: 0.1.13
      tslog: 4.8.2
      walk-sync: 3.0.0
    dev: false

  /@sapphire/async-queue/1.5.0:
    resolution: {integrity: sha512-JkLdIsP8fPAdh9ZZjrbHWR/+mZj0wvKS5ICibcLrRI1j84UmLMshx5n9QmL8b95d4onJ2xxiyugTgSAX7AalmA==}
    engines: {node: '>=v14.0.0', npm: '>=7.0.0'}
    dev: false

  /@sapphire/shapeshift/3.8.1:
    resolution: {integrity: sha512-xG1oXXBhCjPKbxrRTlox9ddaZTvVpOhYLmKmApD/vIWOV1xEYXnpoFs68zHIZBGbqztq6FrUPNPerIrO1Hqeaw==}
    engines: {node: '>=v14.0.0', npm: '>=7.0.0'}
    dependencies:
      fast-deep-equal: 3.1.3
      lodash: 4.17.21
    dev: false

  /@sapphire/snowflake/3.4.0:
    resolution: {integrity: sha512-zZxymtVO6zeXVMPds+6d7gv/OfnCc25M1Z+7ZLB0oPmeMTPeRWVPQSS16oDJy5ZsyCOLj7M6mbZml5gWXcVRNw==}
    engines: {node: '>=v14.0.0', npm: '>=7.0.0'}
    dev: false

  /@swc/core-darwin-arm64/1.3.27:
    resolution: {integrity: sha512-IKlxkhEy99CnP9nduaf5IJWIFcr6D5cZCjYmCs7nWkjMV+aAieyDO9AX4LT8AcHy6CF7ByOX7SKoqk+gVMAaKw==}
    engines: {node: '>=10'}
    cpu: [arm64]
    os: [darwin]
    requiresBuild: true
    dev: true
    optional: true

  /@swc/core-darwin-x64/1.3.27:
    resolution: {integrity: sha512-MtabZIhFf/dL3vs6UMbd+vJsjIkm2NaFqulGV0Jofy2bfVZPTj/b5pXeOlUsTWy7JcH1uixjdx4RvJRyvqJxQA==}
    engines: {node: '>=10'}
    cpu: [x64]
    os: [darwin]
    requiresBuild: true
    dev: true
    optional: true

  /@swc/core-linux-arm-gnueabihf/1.3.27:
    resolution: {integrity: sha512-XELMoGcUTAkk+G4buwIIhu6AIr1U418Odt22HUW8+ZvV+Wty2ICgR/myOIhM3xMb6U2L8ay+evMqoVNMQ0RRTg==}
    engines: {node: '>=10'}
    cpu: [arm]
    os: [linux]
    requiresBuild: true
    dev: true
    optional: true

  /@swc/core-linux-arm64-gnu/1.3.27:
    resolution: {integrity: sha512-O6vtT6bnrVR9PzEIuA5U7tIfYo7bv97H9K9Vqy2oyHNeGN0H36DKwS4UqPreHtziXNF5+7ubdUYUkrG/j8UnUQ==}
    engines: {node: '>=10'}
    cpu: [arm64]
    os: [linux]
    requiresBuild: true
    dev: true
    optional: true

  /@swc/core-linux-arm64-musl/1.3.27:
    resolution: {integrity: sha512-Oa0E1i7dOTWpaEZumKoNbTE/Ap+da6nlhqKVUdYrFDrOBi25tz76SdxZIyvAszzmgY89b5yd1naourKmkPXpww==}
    engines: {node: '>=10'}
    cpu: [arm64]
    os: [linux]
    requiresBuild: true
    dev: true
    optional: true

  /@swc/core-linux-x64-gnu/1.3.27:
    resolution: {integrity: sha512-S3v9H8oL2a8Ur6AjQyhkC6HfBVPOxKMdBhcZmdNuVgEUHbHdbf/Lka85F9IOYXEarMn0FtQw3ywowS22O9L5Uw==}
    engines: {node: '>=10'}
    cpu: [x64]
    os: [linux]
    requiresBuild: true
    dev: true
    optional: true

  /@swc/core-linux-x64-musl/1.3.27:
    resolution: {integrity: sha512-6DDkdXlOADpwICFZTRphCR+cIeS8aEYh4NlyzBito0mOWwIIdfCgALzhkTQOzTOkcD42bP97CIoZ97hqV/puOg==}
    engines: {node: '>=10'}
    cpu: [x64]
    os: [linux]
    requiresBuild: true
    dev: true
    optional: true

  /@swc/core-win32-arm64-msvc/1.3.27:
    resolution: {integrity: sha512-baxfH4AbEcaTNo08wxV0W6hiMXwVCxPS4qc0amHpXPti92unvSqeDR1W3C9GjHqzXlWtmCRsq8Ww1pal6ZVLrw==}
    engines: {node: '>=10'}
    cpu: [arm64]
    os: [win32]
    requiresBuild: true
    dev: true
    optional: true

  /@swc/core-win32-ia32-msvc/1.3.27:
    resolution: {integrity: sha512-7iLJnH71k5qCwxv9NcM/P7nIEzTsC7r1sIiQW6bu+CpC8qZvwl0PS+XvQRlLly2gCZM+Le98tksYG14MEh+Hrw==}
    engines: {node: '>=10'}
    cpu: [ia32]
    os: [win32]
    requiresBuild: true
    dev: true
    optional: true

  /@swc/core-win32-x64-msvc/1.3.27:
    resolution: {integrity: sha512-mFM907PDw/jrQ44+TRjIVGEOy2Mu06mMMz0HPMFuRsBzl5t0Kajp3vmn8FkkpS9wH5982VPi6hPYVTb7QJo5Qg==}
    engines: {node: '>=10'}
    cpu: [x64]
    os: [win32]
    requiresBuild: true
    dev: true
    optional: true

  /@swc/core/1.3.27:
    resolution: {integrity: sha512-praRNgpeYGvwDIm/Cl6JU+yHMvwVraL0U6ejMgGyzvpcm1FVsZd1/EYXGqzbBJ0ALv7Gx4eK56h4GnwV6d4L0w==}
    engines: {node: '>=10'}
    requiresBuild: true
    optionalDependencies:
      '@swc/core-darwin-arm64': 1.3.27
      '@swc/core-darwin-x64': 1.3.27
      '@swc/core-linux-arm-gnueabihf': 1.3.27
      '@swc/core-linux-arm64-gnu': 1.3.27
      '@swc/core-linux-arm64-musl': 1.3.27
      '@swc/core-linux-x64-gnu': 1.3.27
      '@swc/core-linux-x64-musl': 1.3.27
      '@swc/core-win32-arm64-msvc': 1.3.27
      '@swc/core-win32-ia32-msvc': 1.3.27
      '@swc/core-win32-x64-msvc': 1.3.27
    dev: true

  /@tokenizer/token/0.3.0:
    resolution: {integrity: sha512-OvjF+z51L3ov0OyAU0duzsYuvO01PH7x4t6DJx+guahgTnBHkhJdG7soQeTSFLWN3efnHyibZ4Z8l2EuWwJN3A==}
    dev: false

  /@tsconfig/node10/1.0.9:
    resolution: {integrity: sha512-jNsYVVxU8v5g43Erja32laIDHXeoNvFEpX33OK4d6hljo3jDhCBDhx5dhCCTMWUojscpAagGiRkBKxpdl9fxqA==}
    dev: true

  /@tsconfig/node12/1.0.11:
    resolution: {integrity: sha512-cqefuRsh12pWyGsIoBKJA9luFu3mRxCA+ORZvA4ktLSzIuCUtWVxGIuXigEwO5/ywWFMZ2QEGKWvkZG1zDMTag==}
    dev: true

  /@tsconfig/node14/1.0.3:
    resolution: {integrity: sha512-ysT8mhdixWK6Hw3i1V2AeRqZ5WfXg1G43mqoYlM2nc6388Fq5jcXyr5mRsqViLx/GJYdoL0bfXD8nmF+Zn/Iow==}
    dev: true

  /@tsconfig/node16/1.0.3:
    resolution: {integrity: sha512-yOlFc+7UtL/89t2ZhjPvvB/DeAr3r+Dq58IgzsFkOAvVC6NMJXmCGjbptdXdR9qsX7pKcTL+s87FtYREi2dEEQ==}
    dev: true

  /@types/minimatch/3.0.5:
    resolution: {integrity: sha512-Klz949h02Gz2uZCMGwDUSDS1YBlTdDDgbWHi+81l29tQALUtvz4rAYi5uoVhE5Lagoq6DeqAUlbrHvW/mXDgdQ==}
    dev: false

  /@types/node/16.18.16:
    resolution: {integrity: sha512-ZOzvDRWp8dCVBmgnkIqYCArgdFOO9YzocZp8Ra25N/RStKiWvMOXHMz+GjSeVNe5TstaTmTWPucGJkDw0XXJWA==}
    dev: false

  /@types/node/18.11.18:
    resolution: {integrity: sha512-DHQpWGjyQKSHj3ebjFI/wRKcqQcdR+MoFBygntYOZytCqNfkd2ZC4ARDJ2DQqhjH5p85Nnd3jhUJIXrszFX/JA==}

  /@types/ws/8.5.4:
    resolution: {integrity: sha512-zdQDHKUgcX/zBc4GrwsE/7dVdAD8JR4EuiAXiiUhhfyIJXXb2+PrGshFyeXWQPMmmZ2XxgaqclgpIC7eTXc1mg==}
    dependencies:
      '@types/node': 18.11.18
    dev: false

  /acorn-walk/8.2.0:
    resolution: {integrity: sha512-k+iyHEuPgSw6SbuDpGQM+06HQUa04DZ3o+F6CSzXMvvI5KMvnaEqXe+YVe555R9nn6GPt404fos4wcgpw12SDA==}
    engines: {node: '>=0.4.0'}
    dev: true

  /acorn/8.8.2:
    resolution: {integrity: sha512-xjIYgE8HBrkpd/sJqOGNspf8uHG+NOHGOw6a/Urj8taM2EXfdNAH2oFcPeIFfsv3+kz/mJrS5VuMqbNLjCa2vw==}
    engines: {node: '>=0.4.0'}
    hasBin: true
    dev: true

  /ansi-styles/4.3.0:
    resolution: {integrity: sha512-zbB9rCJAT1rbjiVDb2hqKFHNYLxgtk8NURxZ3IZwD3F6NtxbXZQCnnSi1Lkx+IDohdPlFp222wVALIheZJQSEg==}
    engines: {node: '>=8'}
    dependencies:
      color-convert: 2.0.1
    dev: false

  /arg/4.1.3:
    resolution: {integrity: sha512-58S9QDqG0Xx27YwPSt9fJxivjYl432YCwfDMfZ+71RAqUrZef7LrKQZ3LHLOwCS4FLNBplP533Zx895SeOCHvA==}
    dev: true

  /balanced-match/1.0.2:
    resolution: {integrity: sha512-3oSeUO0TMV67hN1AmbXsK4yaqU7tjiHlbxRDZOpH0KW9+CeX4bRAaX0Anxt0tx2MrpRpWwQaPwIlISEJhYU5Pw==}
    dev: false

  /brace-expansion/1.1.11:
    resolution: {integrity: sha512-iCuPHDFgrHX7H2vEI/5xpz07zSHB00TpugqhmYtVmMO6518mCuRMoOYFldEBl0g187ufozdaHgWKcYFb61qGiA==}
    dependencies:
      balanced-match: 1.0.2
      concat-map: 0.0.1
    dev: false

  /busboy/1.6.0:
    resolution: {integrity: sha512-8SFQbg/0hQ9xy3UNTB0YEnsNBbWfhf7RtnzpL7TkBiTBRfrQ9Fxcnz7VJsleJpyp6rVLvXiuORqjlHi5q+PYuA==}
    engines: {node: '>=10.16.0'}
    dependencies:
      streamsearch: 1.1.0
    dev: false

  /chalk/4.1.2:
    resolution: {integrity: sha512-oKnbhFyRIXpUuez8iBMmyEa4nbj4IOQyuhc/wy9kY7/WVPcwIO9VA668Pu8RkO7+0G76SLROeyw9CpQ061i4mA==}
    engines: {node: '>=10'}
    dependencies:
      ansi-styles: 4.3.0
      supports-color: 7.2.0
    dev: false

  /color-convert/2.0.1:
    resolution: {integrity: sha512-RRECPsj7iu/xb5oKYcsFHSppFNnsj/52OVTRKb4zP5onXwVF3zVmmToNcOfGC+CRDpfK/U584fMg38ZHCaElKQ==}
    engines: {node: '>=7.0.0'}
    dependencies:
      color-name: 1.1.4
    dev: false

  /color-name/1.1.4:
    resolution: {integrity: sha512-dOy+3AuW3a2wNbZHIuMZpTcgjGuLU/uBL/ubcZF9OXbDo8ff4O8yVp5Bf0efS8uEoYo5q4Fx7dY9OgQGXgAsQA==}
    dev: false

  /concat-map/0.0.1:
    resolution: {integrity: sha512-/Srv4dswyQNBfohGpz9o6Yb3Gz3SrUDqBH5rTuhGR7ahtlbYKnVxw2bCFMRljaA7EXHaXZ8wsHdodFvbkhKmqg==}
    dev: false

  /create-require/1.1.1:
    resolution: {integrity: sha512-dcKFX3jn0MpIaXjisoRvexIJVEKzaq7z2rZKxf+MSr9TkdmHmsU4m2lcLojrj/FHl8mk5VxMmYA+ftRkP/3oKQ==}
    dev: true

  /diff/4.0.2:
    resolution: {integrity: sha512-58lmxKSA4BNyLz+HHMUzlOEpg09FV+ev6ZMe3vJihgdxzgcwZ8VoEEPmALCZG9LmqfVoNMMKpttIYTVG6uDY7A==}
    engines: {node: '>=0.3.1'}
    dev: true

  /discord-api-types/0.37.36:
    resolution: {integrity: sha512-Nlxmp10UpVr/utgZ9uODQvG2Or+5w7LFrvFMswyeKC9l/+UaqGT6H0OVgEFhu9GEO4U6K7NNO5W8Carv7irnCA==}
    dev: false

  /discord.js/14.8.0:
    resolution: {integrity: sha512-UOxYtc/YnV7jAJ2gISluJyYeBw4e+j8gWn+IoqG8unaHAVuvZ13DdYN0M1f9fbUgUvSarV798inIrYFtDNDjwQ==}
    engines: {node: '>=16.9.0'}
    dependencies:
      '@discordjs/builders': 1.5.0
      '@discordjs/collection': 1.4.0
      '@discordjs/formatters': 0.2.0
      '@discordjs/rest': 1.6.0
      '@discordjs/util': 0.2.0
      '@sapphire/snowflake': 3.4.0
      '@types/ws': 8.5.4
      discord-api-types: 0.37.36
      fast-deep-equal: 3.1.3
      lodash.snakecase: 4.1.1
      tslib: 2.5.0
      undici: 5.21.0
      ws: 8.13.0
    transitivePeerDependencies:
      - bufferutil
      - utf-8-validate
    dev: false

  /ensure-posix-path/1.1.1:
    resolution: {integrity: sha512-VWU0/zXzVbeJNXvME/5EmLuEj2TauvoaTz6aFYK1Z92JCBlDlZ3Gu0tuGR42kpW1754ywTs+QB0g5TP0oj9Zaw==}
    dev: false

  /fast-deep-equal/3.1.3:
    resolution: {integrity: sha512-f3qQ9oQy9j2AhBe/H9VC91wLmKBCCU/gDOnKNAYG5hswO7BLKj09Hc5HYNz9cGI++xlpDCIgDaitVs03ATR84Q==}
    dev: false

  /file-type/18.2.1:
    resolution: {integrity: sha512-Yw5MtnMv7vgD2/6Bjmmuegc8bQEVA9GmAyaR18bMYWKqsWDG9wgYZ1j4I6gNMF5Y5JBDcUcjRQqNQx7Y8uotcg==}
    engines: {node: '>=14.16'}
    dependencies:
      readable-web-to-node-stream: 3.0.2
      strtok3: 7.0.0
      token-types: 5.0.1
    dev: false

  /has-flag/4.0.0:
    resolution: {integrity: sha512-EykJT/Q1KjTWctppgIAgfSO0tKVuZUjhgMr17kqTumMl6Afv3EISleU7qZUzoXDFTAHTDC4NOoG/ZxU3EvlMPQ==}
    engines: {node: '>=8'}
    dev: false

  /ieee754/1.2.1:
    resolution: {integrity: sha512-dcyqhDvX1C46lXZcVqCpK+FtMRQVdIMN6/Df5js2zouUsqG7I6sFxitIC+7KYK29KdXOLHdu9zL4sFnoVQnqaA==}
    dev: false

  /inherits/2.0.4:
    resolution: {integrity: sha512-k/vGaX4/Yla3WzyMCvTQOXYeIHvqOKtnqBduzTHpzpQZzAskKMhZ2K+EnBiSM9zGSoIFeMpXKxa4dYeZIQqewQ==}
    dev: false

  /lodash.snakecase/4.1.1:
    resolution: {integrity: sha512-QZ1d4xoBHYUeuouhEq3lk3Uq7ldgyFXGBhg04+oRLnIz8o9T65Eh+8YdroUwn846zchkA9yDsDl5CVVaV2nqYw==}
    dev: false

  /lodash/4.17.21:
    resolution: {integrity: sha512-v2kDEe57lecTulaDIuNTPy3Ry4gLGJ6Z1O3vE1krgXZNrsQ+LFTGHVxVjcXPs17LhbZVGedAJv8XZ1tvj5FvSg==}
    dev: false

  /make-error/1.3.6:
    resolution: {integrity: sha512-s8UhlNe7vPKomQhC1qFelMokr/Sc3AgNbso3n74mVPA5LTZwkB9NlXf4XPamLxJE8h0gh73rM94xvwRT2CVInw==}
    dev: true

  /matcher-collection/2.0.1:
    resolution: {integrity: sha512-daE62nS2ZQsDg9raM0IlZzLmI2u+7ZapXBwdoeBUKAYERPDDIc0qNqA8E0Rp2D+gspKR7BgIFP52GeujaGXWeQ==}
    engines: {node: 6.* || 8.* || >= 10.*}
    dependencies:
      '@types/minimatch': 3.0.5
      minimatch: 3.1.2
    dev: false

  /minimatch/3.1.2:
    resolution: {integrity: sha512-J7p63hRiAjw1NDEww1W7i37+ByIrOWO5XQQAzZ3VOcL0PNybwpfmV/N05zFAzwQ9USyEcX6t3UO+K5aqBQOIHw==}
    dependencies:
      brace-expansion: 1.1.11
    dev: false

  /peek-readable/5.0.0:
    resolution: {integrity: sha512-YtCKvLUOvwtMGmrniQPdO7MwPjgkFBtFIrmfSbYmYuq3tKDV/mcfAhBth1+C3ru7uXIZasc/pHnb+YDYNkkj4A==}
    engines: {node: '>=14.16'}
    dev: false

  /prettier/2.8.4:
    resolution: {integrity: sha512-vIS4Rlc2FNh0BySk3Wkd6xmwxB0FpOndW5fisM5H8hsZSxU2VWVB5CWIkIjWvrHjIhxk2g3bfMKM87zNTrZddw==}
    engines: {node: '>=10.13.0'}
    hasBin: true
    dev: true

  /readable-stream/3.6.2:
    resolution: {integrity: sha512-9u/sniCrY3D5WdsERHzHE4G2YCXqoG5FTHUiCC4SIbr6XcLZBY05ya9EKjYek9O5xOAwjGq+1JdGBAS7Q9ScoA==}
    engines: {node: '>= 6'}
    dependencies:
      inherits: 2.0.4
      string_decoder: 1.3.0
      util-deprecate: 1.0.2
    dev: false

  /readable-web-to-node-stream/3.0.2:
    resolution: {integrity: sha512-ePeK6cc1EcKLEhJFt/AebMCLL+GgSKhuygrZ/GLaKZYEecIgIECf4UaUuaByiGtzckwR4ain9VzUh95T1exYGw==}
    engines: {node: '>=8'}
    dependencies:
      readable-stream: 3.6.2
    dev: false

  /reflect-metadata/0.1.13:
    resolution: {integrity: sha512-Ts1Y/anZELhSsjMcU605fU9RE4Oi3p5ORujwbIKXfWa+0Zxs510Qrmrce5/Jowq3cHSZSJqBjypxmHarc+vEWg==}
    dev: false

  /safe-buffer/5.2.1:
    resolution: {integrity: sha512-rp3So07KcdmmKbGvgaNxQSJr7bGVSVk5S9Eq1F+ppbRo70+YeaDxkw5Dd8NPN+GD6bjnYm2VuPuCXmpuYvmCXQ==}
    dev: false

  /streamsearch/1.1.0:
    resolution: {integrity: sha512-Mcc5wHehp9aXz1ax6bZUyY5afg9u2rv5cqQI3mRrYkGC8rW2hM02jWuwjtL++LS5qinSyhj2QfLyNsuc+VsExg==}
    engines: {node: '>=10.0.0'}
    dev: false

  /string_decoder/1.3.0:
    resolution: {integrity: sha512-hkRX8U1WjJFd8LsDJ2yQ/wWWxaopEsABU1XfkM8A+j0+85JAGppt16cr1Whg6KIbb4okU6Mql6BOj+uup/wKeA==}
    dependencies:
      safe-buffer: 5.2.1
    dev: false

  /strtok3/7.0.0:
    resolution: {integrity: sha512-pQ+V+nYQdC5H3Q7qBZAz/MO6lwGhoC2gOAjuouGf/VO0m7vQRh8QNMl2Uf6SwAtzZ9bOw3UIeBukEGNJl5dtXQ==}
    engines: {node: '>=14.16'}
    dependencies:
      '@tokenizer/token': 0.3.0
      peek-readable: 5.0.0
    dev: false

  /supports-color/7.2.0:
    resolution: {integrity: sha512-qpCAvRl9stuOHveKsn7HncJRvv501qIacKzQlO/+Lwxc9+0q2wLyv4Dfvt80/DPn2pqOBsJdDiogXGR9+OvwRw==}
    engines: {node: '>=8'}
    dependencies:
      has-flag: 4.0.0
    dev: false

  /token-types/5.0.1:
    resolution: {integrity: sha512-Y2fmSnZjQdDb9W4w4r1tswlMHylzWIeOKpx0aZH9BgGtACHhrk3OkT52AzwcuqTRBZtvvnTjDBh8eynMulu8Vg==}
    engines: {node: '>=14.16'}
    dependencies:
      '@tokenizer/token': 0.3.0
      ieee754: 1.2.1
    dev: false

  /ts-mixer/6.0.3:
    resolution: {integrity: sha512-k43M7uCG1AkTyxgnmI5MPwKoUvS/bRvLvUb7+Pgpdlmok8AoqmUaZxUUw8zKM5B1lqZrt41GjYgnvAi0fppqgQ==}
    dev: false

  /ts-node/10.9.1_jr7bst4vzqryxksywwmvxlsmhq:
    resolution: {integrity: sha512-NtVysVPkxxrwFGUUxGYhfux8k78pQB3JqYBXlLRZgdGUqTO5wU/UyHop5p70iEbGhB7q5KmiZiU0Y3KlJrScEw==}
    hasBin: true
    peerDependencies:
      '@swc/core': '>=1.2.50'
      '@swc/wasm': '>=1.2.50'
      '@types/node': '*'
      typescript: '>=2.7'
    peerDependenciesMeta:
      '@swc/core':
        optional: true
      '@swc/wasm':
        optional: true
    dependencies:
      '@cspotcode/source-map-support': 0.8.1
      '@swc/core': 1.3.27
      '@tsconfig/node10': 1.0.9
      '@tsconfig/node12': 1.0.11
      '@tsconfig/node14': 1.0.3
      '@tsconfig/node16': 1.0.3
      '@types/node': 18.11.18
      acorn: 8.8.2
      acorn-walk: 8.2.0
      arg: 4.1.3
      create-require: 1.1.1
      diff: 4.0.2
      make-error: 1.3.6
      typescript: 4.7.4
      v8-compile-cache-lib: 3.0.1
      yn: 3.1.1
    dev: true

  /tslib/2.5.0:
    resolution: {integrity: sha512-336iVw3rtn2BUK7ORdIAHTyxHGRIHVReokCR3XjbckJMK7ms8FysBfhLR8IXnAgy7T0PTPNBWKiH514FOW/WSg==}
    dev: false

  /tslog/4.8.2:
    resolution: {integrity: sha512-eAKIRjxfSKYLs06r1wT7oou6Uv9VN6NW9g0JPidBlqQwPBBl5+84dm7r8zSOPVq1kyfEw1P6B3/FLSpZCorAgA==}
    engines: {node: '>=16'}
    dev: false

  /typescript/4.7.4:
    resolution: {integrity: sha512-C0WQT0gezHuw6AdY1M2jxUO83Rjf0HP7Sk1DtXj6j1EwkQNZrHAg2XPWlq62oqEhYvONq5pkC2Y9oPljWToLmQ==}
    engines: {node: '>=4.2.0'}
    hasBin: true
    dev: true

  /undici/5.21.0:
    resolution: {integrity: sha512-HOjK8l6a57b2ZGXOcUsI5NLfoTrfmbOl90ixJDl0AEFG4wgHNDQxtZy15/ZQp7HhjkpaGlp/eneMgtsu1dIlUA==}
    engines: {node: '>=12.18'}
    dependencies:
      busboy: 1.6.0
    dev: false

  /util-deprecate/1.0.2:
    resolution: {integrity: sha512-EPD5q1uXyFxJpCrLnCc1nHnq3gOa6DZBocAIiI2TaSCA7VCJ1UJDMagCzIkXNsUYfD1daK//LTEQ8xiIbrHtcw==}
    dev: false

  /v8-compile-cache-lib/3.0.1:
    resolution: {integrity: sha512-wa7YjyUGfNZngI/vtK0UHAN+lgDCxBPCylVXGp0zu59Fz5aiGtNXaq3DhIov063MorB+VfufLh3JlF2KdTK3xg==}
    dev: true

  /walk-sync/3.0.0:
    resolution: {integrity: sha512-41TvKmDGVpm2iuH7o+DAOt06yyu/cSHpX3uzAwetzASvlNtVddgIjXIb2DfB/Wa20B1Jo86+1Dv1CraSU7hWdw==}
    engines: {node: 10.* || >= 12.*}
    dependencies:
      '@types/minimatch': 3.0.5
      ensure-posix-path: 1.1.1
      matcher-collection: 2.0.1
      minimatch: 3.1.2
    dev: false

  /ws/8.13.0:
    resolution: {integrity: sha512-x9vcZYTrFPC7aSIbj7sRCYo7L/Xb8Iy+pW0ng0wt2vCJv7M9HOMy0UoN3rr+IFC7hb7vXoqS+P9ktyLLLhO+LA==}
    engines: {node: '>=10.0.0'}
    peerDependencies:
      bufferutil: ^4.0.1
      utf-8-validate: '>=5.0.2'
    peerDependenciesMeta:
      bufferutil:
        optional: true
      utf-8-validate:
        optional: true
    dev: false

  /yn/3.1.1:
    resolution: {integrity: sha512-Ux4ygGWsu2c7isFWe8Yu1YluJmqVhxqK2cLXNQA5AcC3QfbGNpM7fu0Y8b/z16pXLnFxZYvWhd3fhBY9DLmC6Q==}
    engines: {node: '>=6'}
    dev: true
